{
  "requires": true,
  "lockfileVersion": 1,
  "dependencies": {
    "@mini-types/alipay": {
      "version": "3.0.8",
      "resolved": "https://registry.npmjs.org/@mini-types/alipay/-/alipay-3.0.8.tgz",
      "integrity": "sha512-ig7b6Y0/6CRvXXq3gGwuSvTId9JgoL+PuDDZTZzPU33HvaD8UFqkg82VHUPj1qoJjB1Zjq793QXnX0EepIb10g==",
      "requires": {
        "@mini-types/global": "3.0.8",
        "@mini-types/my": "3.0.8"
      }
    },
    "@mini-types/global": {
      "version": "3.0.8",
      "resolved": "https://registry.npmjs.org/@mini-types/global/-/global-3.0.8.tgz",
      "integrity": "sha512-J7xjS9fHRgM4AlYHfUKLNtWQ3Q5gJtLh2JUfLerrUpGUFlitkKAp1uB3sBE7vAF9P/jKJWuscC/fwNqykkqMDQ=="
    },
    "@mini-types/my": {
      "version": "3.0.8",
      "resolved": "https://registry.npmjs.org/@mini-types/my/-/my-3.0.8.tgz",
      "integrity": "sha512-jkD9DokkTBcWKwxwRdjeBnksIsD9MQzrU9T/Vbh2U9PMOVAEBU7DObQGPhe7wdIXm8w/e95ZWtX/kA7fB6L6Ag=="
    },
    "@tbmp/mp-cloud-sdk": {
      "version": "1.1.4",
      "resolved": "https://registry.npmjs.org/@tbmp/mp-cloud-sdk/-/mp-cloud-sdk-1.1.4.tgz",
      "integrity": "sha512-XWigpGQaV624tDbIPg3F1dlfaSnb9V3bX5cr0tSfsJ7kUjuUvUCALH22ksydHqbeLDf2Cv8lIL9WpuU0/xWk9g=="
    },
    "antd-mini": {
      "version": "1.9.4",
      "resolved": "https://registry.npmjs.org/antd-mini/-/antd-mini-1.9.4.tgz",
      "integrity": "sha512-j9o2IKXi3jD/azjo6+F6Q27/uTLX3Ej0MVPaCCBi9NruoyN1jnxfpRL3dYd5TXvioIVVRGO1l2HOd4hKLfJkBw==",
      "requires": {
        "@mini-types/alipay": "^3.0.5",
        "async-validator": "^4.0.7",
        "dayjs": "^1.11.3",
        "fast-deep-equal": "3.1.3",
        "tslib": "2.5.0"
      }
    },
    "async-validator": {
      "version": "4.2.5",
      "resolved": "https://registry.npmjs.org/async-validator/-/async-validator-4.2.5.tgz",
      "integrity": "sha512-7HhHjtERjqlNbZtqNqy2rckN/SpOOlmDliet+lP7k+eKZEjPk3DgyeU9lIXLdeLz0uBbbVp+9Qdow9wJWgwwfg=="
    },
    "dayjs": {
      "version": "1.11.9",
      "resolved": "https://registry.npmjs.org/dayjs/-/dayjs-1.11.9.tgz",
      "integrity": "sha512-QvzAURSbQ0pKdIye2txOzNaHmxtUBXerpY0FJsFXUMKbIZeFm5ht1LS/jFsrncjnmtv8HsG0W2g6c0zUjZWmpA=="
    },
    "fast-deep-equal": {
      "version": "3.1.3",
      "resolved": "https://registry.npmjs.org/fast-deep-equal/-/fast-deep-equal-3.1.3.tgz",
      "integrity": "sha512-f3qQ9oQy9j2AhBe/H9VC91wLmKBCCU/gDOnKNAYG5hswO7BLKj09Hc5HYNz9cGI++xlpDCIgDaitVs03ATR84Q=="
    },
    "tslib": {
      "version": "2.5.0",
      "resolved": "https://registry.npmjs.org/tslib/-/tslib-2.5.0.tgz",
      "integrity": "sha512-336iVw3rtn2BUK7ORdIAHTyxHGRIHVReokCR3XjbckJMK7ms8FysBfhLR8IXnAgy7T0PTPNBWKiH514FOW/WSg=="
    }
  }
}
